<?xml version="1.0" encoding="utf-8"?>
<Project ToolsVersion="4.0" xmlns="http://schemas.microsoft.com/developer/msbuild/2003">
  <ItemGroup>
    <Filter Include="Source Files">
      <UniqueIdentifier>{06c663b4-dcff-4092-b9dd-1d3df3f54f6b}</UniqueIdentifier>
      <Extensions>cpp;c;cxx;rc;def;r;odl;idl;hpj;bat</Extensions>
    </Filter>
    <Filter Include="Source Files\gb_core">
      <UniqueIdentifier>{be0e1a3c-5ed6-4d07-9647-4b4fb7cdafc7}</UniqueIdentifier>
      <Extensions>*.cpp</Extensions>
    </Filter>
    <Filter Include="Source Files\win32_ui">
      <UniqueIdentifier>{80d1bfcf-15a7-422b-a01b-b5a7635f6291}</UniqueIdentifier>
    </Filter>
    <Filter Include="Source Files\gbr_interface">
      <UniqueIdentifier>{4c74deef-a4b2-4c79-9ff6-ff224c23abbb}</UniqueIdentifier>
      <Extensions>cpp</Extensions>
    </Filter>
    <Filter Include="Header Files">
      <UniqueIdentifier>{65a35e99-4bf6-4f34-8bd6-37fa35c99604}</UniqueIdentifier>
      <Extensions>h;hpp;hxx;hm;inl</Extensions>
    </Filter>
    <Filter Include="Header Files\_gb_core">
      <UniqueIdentifier>{d044f0ff-e953-4e62-95d7-150241361085}</UniqueIdentifier>
      <Extensions>*.h</Extensions>
    </Filter>
    <Filter Include="Header Files\_win32_ui">
      <UniqueIdentifier>{16587cf4-c2c2-4a8b-94e4-1f976d7303f5}</UniqueIdentifier>
      <Extensions>*.h</Extensions>
    </Filter>
    <Filter Include="Header Files\_gbr_interface">
      <UniqueIdentifier>{eb94ddf7-fa5c-4296-9b8b-ad2253e39988}</UniqueIdentifier>
      <Extensions>h</Extensions>
    </Filter>
    <Filter Include="Resource Files">
      <UniqueIdentifier>{d89f486d-ad71-45ad-874e-b01406f8a834}</UniqueIdentifier>
      <Extensions>ico;cur;bmp;dlg;rc2;rct;bin;rgs;gif;jpg;jpeg;jpe</Extensions>
    </Filter>
  </ItemGroup>
  <ItemGroup>
    <ClCompile Include="gb_core\apu.cpp">
      <Filter>Source Files\gb_core</Filter>
    </ClCompile>
    <ClCompile Include="gb_core\cheat.cpp">
      <Filter>Source Files\gb_core</Filter>
    </ClCompile>
    <ClCompile Include="gb_core\cpu.cpp">
      <Filter>Source Files\gb_core</Filter>
    </ClCompile>
    <ClCompile Include="gb_core\gb.cpp">
      <Filter>Source Files\gb_core</Filter>
    </ClCompile>
    <ClCompile Include="gb_core\lcd.cpp">
      <Filter>Source Files\gb_core</Filter>
    </ClCompile>
    <ClCompile Include="gb_core\mbc.cpp">
      <Filter>Source Files\gb_core</Filter>
    </ClCompile>
    <ClCompile Include="gb_core\rom.cpp">
      <Filter>Source Files\gb_core</Filter>
    </ClCompile>
    <ClCompile Include="win32_ui\dmy_renderer.cpp">
      <Filter>Source Files\win32_ui</Filter>
    </ClCompile>
    <ClCompile Include="win32_ui\dx_renderer.cpp">
      <Filter>Source Files\win32_ui</Filter>
    </ClCompile>
    <ClCompile Include="win32_ui\setting.cpp">
      <Filter>Source Files\win32_ui</Filter>
    </ClCompile>
    <ClCompile Include="win32_ui\sock.cpp">
      <Filter>Source Files\win32_ui</Filter>
    </ClCompile>
    <ClCompile Include="win32_ui\lib\socket_lib.cpp">
      <Filter>Source Files\win32_ui</Filter>
    </ClCompile>
    <ClCompile Include="win32_ui\wavwrite.cpp">
      <Filter>Source Files\win32_ui</Filter>
    </ClCompile>
    <ClCompile Include="win32_ui\winmain.cpp">
      <Filter>Source Files\win32_ui</Filter>
    </ClCompile>
    <ClCompile Include="gbr_interface\gbr.cpp">
      <Filter>Source Files\gbr_interface</Filter>
    </ClCompile>
  </ItemGroup>
  <ItemGroup>
    <ResourceCompile Include="win32_ui\resource.rc">
      <Filter>Source Files\win32_ui</Filter>
    </ResourceCompile>
  </ItemGroup>
  <ItemGroup>
    <ClInclude Include="win32_ui\resource.h">
      <Filter>Header Files</Filter>
    </ClInclude>
    <ClInclude Include="gb_core\gb.h">
      <Filter>Header Files\_gb_core</Filter>
    </ClInclude>
    <ClInclude Include="gb_core\gb_types.h">
      <Filter>Header Files\_gb_core</Filter>
    </ClInclude>
    <ClInclude Include="gb_core\op_cb.h">
      <Filter>Header Files\_gb_core</Filter>
    </ClInclude>
    <ClInclude Include="gb_core\op_normal.h">
      <Filter>Header Files\_gb_core</Filter>
    </ClInclude>
    <ClInclude Include="gb_core\renderer.h">
      <Filter>Header Files\_gb_core</Filter>
    </ClInclude>
    <ClInclude Include="win32_ui\lib\critical_section.h">
      <Filter>Header Files\_win32_ui</Filter>
    </ClInclude>
    <ClInclude Include="win32_ui\dialogs.h">
      <Filter>Header Files\_win32_ui</Filter>
    </ClInclude>
    <ClInclude Include="win32_ui\dmy_renderer.h">
      <Filter>Header Files\_win32_ui</Filter>
    </ClInclude>
    <ClInclude Include="win32_ui\dx_renderer.h">
      <Filter>Header Files\_win32_ui</Filter>
    </ClInclude>
    <ClInclude Include="win32_ui\keymap.h">
      <Filter>Header Files\_win32_ui</Filter>
    </ClInclude>
    <ClInclude Include="win32_ui\network.h">
      <Filter>Header Files\_win32_ui</Filter>
    </ClInclude>
    <ClInclude Include="win32_ui\setting.h">
      <Filter>Header Files\_win32_ui</Filter>
    </ClInclude>
    <ClInclude Include="win32_ui\sock.h">
      <Filter>Header Files\_win32_ui</Filter>
    </ClInclude>
    <ClInclude Include="win32_ui\lib\socket_lib.h">
      <Filter>Header Files\_win32_ui</Filter>
    </ClInclude>
    <ClInclude Include="win32_ui\lib\thread.h">
      <Filter>Header Files\_win32_ui</Filter>
    </ClInclude>
    <ClInclude Include="win32_ui\wavwrite.h">
      <Filter>Header Files\_win32_ui</Filter>
    </ClInclude>
    <ClInclude Include="gbr_interface\gbr.h">
      <Filter>Header Files\_gbr_interface</Filter>
    </ClInclude>
  </ItemGroup>
  <ItemGroup>
    <Image Include="win32_ui\icon.ico">
      <Filter>Resource Files</Filter>
    </Image>
  </ItemGroup>
</Project>